
Microsoft Visual Studio Solution File, Format Version 12.00
# Visual Studio Version 17
VisualStudioVersion = 17.0.31912.275
MinimumVisualStudioVersion = 10.0.40219.1
Project("{8BC9CEB8-8B4A-11D0-8D11-00A0C91BC942}") = "ex", "ex.vcxproj", "{501E5B0E-3DA6-4778-B94E-FBE799BED52D}"
EndProject
Global
	GlobalSection(SolutionConfigurationPlatforms) = preSolution
		Debug|x64 = Debug|x64
		Debug|x86 = Debug|x86
		Release|x64 = Release|x64
		Release|x86 = Release|x86
	EndGlobalSection
	GlobalSection(ProjectConfigurationPlatforms) = postSolution
		{501E5B0E-3DA6-4778-B94E-FBE799BED52D}.Debug|x64.ActiveCfg = Debug|x64
		{501E5B0E-3DA6-4778-B94E-FBE799BED52D}.Debug|x64.Build.0 = Debug|x64
		{501E5B0E-3DA6-4778-B94E-FBE799BED52D}.Debug|x86.ActiveCfg = Debug|Win32
		{501E5B0E-3DA6-4778-B94E-FBE799BED52D}.Debug|x86.Build.0 = Debug|Win32
		{501E5B0E-3DA6-4778-B94E-FBE799BED52D}.Release|x64.ActiveCfg = Release|x64
		{501E5B0E-3DA6-4778-B94E-FBE799BED52D}.Release|x64.Build.0 = Release|x64
		{501E5B0E-3DA6-4778-B94E-FBE799BED52D}.Release|x86.ActiveCfg = Release|Win32
		{501E5B0E-3DA6-4778-B94E-FBE799BED52D}.Release|x86.Build.0 = Release|Win32
	EndGlobalSection
	GlobalSection(SolutionProperties) = preSolution
		HideSolutionNode = FALSE
	EndGlobalSection
	GlobalSection(ExtensibilityGlobals) = postSolution
		SolutionGuid = {92D354B0-9B19-4927-9A26-09CD98CBCEB5}
	EndGlobalSection
EndGlobal
