
Microsoft Visual Studio Solution File, Format Version 12.00
# Visual Studio Version 17
VisualStudioVersion = 17.0.31912.275
MinimumVisualStudioVersion = 10.0.40219.1
Project("{8BC9CEB8-8B4A-11D0-8D11-00A0C91BC942}") = "clculator-sfml", "clculator-sfml.vcxproj", "{74B61349-34C9-48BE-9DC8-8DCDB8C94BAB}"
EndProject
Global
	GlobalSection(SolutionConfigurationPlatforms) = preSolution
		Debug|x64 = Debug|x64
		Debug|x86 = Debug|x86
		Release|x64 = Release|x64
		Release|x86 = Release|x86
	EndGlobalSection
	GlobalSection(ProjectConfigurationPlatforms) = postSolution
		{74B61349-34C9-48BE-9DC8-8DCDB8C94BAB}.Debug|x64.ActiveCfg = Debug|x64
		{74B61349-34C9-48BE-9DC8-8DCDB8C94BAB}.Debug|x64.Build.0 = Debug|x64
		{74B61349-34C9-48BE-9DC8-8DCDB8C94BAB}.Debug|x86.ActiveCfg = Debug|Win32
		{74B61349-34C9-48BE-9DC8-8DCDB8C94BAB}.Debug|x86.Build.0 = Debug|Win32
		{74B61349-34C9-48BE-9DC8-8DCDB8C94BAB}.Release|x64.ActiveCfg = Release|x64
		{74B61349-34C9-48BE-9DC8-8DCDB8C94BAB}.Release|x64.Build.0 = Release|x64
		{74B61349-34C9-48BE-9DC8-8DCDB8C94BAB}.Release|x86.ActiveCfg = Release|Win32
		{74B61349-34C9-48BE-9DC8-8DCDB8C94BAB}.Release|x86.Build.0 = Release|Win32
	EndGlobalSection
	GlobalSection(SolutionProperties) = preSolution
		HideSolutionNode = FALSE
	EndGlobalSection
	GlobalSection(ExtensibilityGlobals) = postSolution
		SolutionGuid = {F801EF04-E2C3-48B9-9402-1099E5D1088C}
	EndGlobalSection
EndGlobal
