
Microsoft Visual Studio Solution File, Format Version 12.00
# Visual Studio Version 17
VisualStudioVersion = 17.0.31912.275
MinimumVisualStudioVersion = 10.0.40219.1
Project("{8BC9CEB8-8B4A-11D0-8D11-00A0C91BC942}") = "ConsoleApplication7", "ConsoleApplication7.vcxproj", "{B9C75CC3-7F79-4BD9-BF16-6C4FD1600D9F}"
EndProject
Global
	GlobalSection(SolutionConfigurationPlatforms) = preSolution
		Debug|x64 = Debug|x64
		Debug|x86 = Debug|x86
		Release|x64 = Release|x64
		Release|x86 = Release|x86
	EndGlobalSection
	GlobalSection(ProjectConfigurationPlatforms) = postSolution
		{B9C75CC3-7F79-4BD9-BF16-6C4FD1600D9F}.Debug|x64.ActiveCfg = Debug|x64
		{B9C75CC3-7F79-4BD9-BF16-6C4FD1600D9F}.Debug|x64.Build.0 = Debug|x64
		{B9C75CC3-7F79-4BD9-BF16-6C4FD1600D9F}.Debug|x86.ActiveCfg = Debug|Win32
		{B9C75CC3-7F79-4BD9-BF16-6C4FD1600D9F}.Debug|x86.Build.0 = Debug|Win32
		{B9C75CC3-7F79-4BD9-BF16-6C4FD1600D9F}.Release|x64.ActiveCfg = Release|x64
		{B9C75CC3-7F79-4BD9-BF16-6C4FD1600D9F}.Release|x64.Build.0 = Release|x64
		{B9C75CC3-7F79-4BD9-BF16-6C4FD1600D9F}.Release|x86.ActiveCfg = Release|Win32
		{B9C75CC3-7F79-4BD9-BF16-6C4FD1600D9F}.Release|x86.Build.0 = Release|Win32
	EndGlobalSection
	GlobalSection(SolutionProperties) = preSolution
		HideSolutionNode = FALSE
	EndGlobalSection
	GlobalSection(ExtensibilityGlobals) = postSolution
		SolutionGuid = {AF41E8B2-4397-463F-AB02-0D6AE925C377}
	EndGlobalSection
EndGlobal
